
Microsoft Visual Studio Solution File, Format Version 12.00
# Visual Studio 15
VisualStudioVersion = 15.0.27428.1
MinimumVisualStudioVersion = 10.0.40219.1
Project("{FAE04EC0-301F-11D3-BF4B-00C04F79EFBC}") = "UMemory", "UMemory.csproj", "{700687E0-5A4D-40B0-BEE4-633381F662C6}"
EndProject
Global
	GlobalSection(SolutionConfigurationPlatforms) = preSolution
		Debug|Any CPU = Debug|Any CPU
		Release|Any CPU = Release|Any CPU
	EndGlobalSection
	GlobalSection(ProjectConfigurationPlatforms) = postSolution
		{700687E0-5A4D-40B0-BEE4-633381F662C6}.Debug|Any CPU.ActiveCfg = Debug|Any CPU
		{700687E0-5A4D-40B0-BEE4-633381F662C6}.Debug|Any CPU.Build.0 = Debug|Any CPU
		{700687E0-5A4D-40B0-BEE4-633381F662C6}.Release|Any CPU.ActiveCfg = Release|Any CPU
		{700687E0-5A4D-40B0-BEE4-633381F662C6}.Release|Any CPU.Build.0 = Release|Any CPU
	EndGlobalSection
	GlobalSection(SolutionProperties) = preSolution
		HideSolutionNode = FALSE
	EndGlobalSection
	GlobalSection(ExtensibilityGlobals) = postSolution
		SolutionGuid = {F079F70B-2E6E-4538-AE40-E5561327919A}
	EndGlobalSection
EndGlobal
